
Microsoft Visual Studio Solution File, Format Version 12.00
# Visual Studio 15
VisualStudioVersion = 15.0.28307.645
MinimumVisualStudioVersion = 10.0.40219.1
Project("{FAE04EC0-301F-11D3-BF4B-00C04F79EFBC}") = "Municipal Tracking System", "Municipal Tracking System\Municipal Tracking System.csproj", "{06F74198-66AD-4A99-9904-E75191BE7EF6}"
EndProject
Global
	GlobalSection(SolutionConfigurationPlatforms) = preSolution
		Debug|Any CPU = Debug|Any CPU
		Release|Any CPU = Release|Any CPU
	EndGlobalSection
	GlobalSection(ProjectConfigurationPlatforms) = postSolution
		{06F74198-66AD-4A99-9904-E75191BE7EF6}.Debug|Any CPU.ActiveCfg = Debug|Any CPU
		{06F74198-66AD-4A99-9904-E75191BE7EF6}.Debug|Any CPU.Build.0 = Debug|Any CPU
		{06F74198-66AD-4A99-9904-E75191BE7EF6}.Release|Any CPU.ActiveCfg = Release|Any CPU
		{06F74198-66AD-4A99-9904-E75191BE7EF6}.Release|Any CPU.Build.0 = Release|Any CPU
	EndGlobalSection
	GlobalSection(SolutionProperties) = preSolution
		HideSolutionNode = FALSE
	EndGlobalSection
	GlobalSection(ExtensibilityGlobals) = postSolution
		SolutionGuid = {32983009-629B-4514-BF8A-122C677BC720}
	EndGlobalSection
EndGlobal
